
Microsoft Visual Studio Solution File, Format Version 12.00
# Visual Studio 14
VisualStudioVersion = 14.0.25420.1
MinimumVisualStudioVersion = 10.0.40219.1
Project("{FAE04EC0-301F-11D3-BF4B-00C04F79EFBC}") = "Viikkotehtävät", "Viikkotehtävät\Viikkotehtävät.csproj", "{669B36E7-1C39-4D13-9300-744FFF7776ED}"
EndProject
Project("{FAE04EC0-301F-11D3-BF4B-00C04F79EFBC}") = "TTV16S4", "TTV16S4\TTV16S4.csproj", "{3F62E0D0-F92F-4CF2-9889-E5D36F05D416}"
EndProject
Project("{FAE04EC0-301F-11D3-BF4B-00C04F79EFBC}") = "Kotitehtäviä", "Kotitehtäviä\Kotitehtäviä.csproj", "{EFECA7F3-44BB-42E8-88FE-23EB50D4FBC0}"
EndProject
Project("{FAE04EC0-301F-11D3-BF4B-00C04F79EFBC}") = "Labra6Teth2", "Labra6Teth2\Labra6Teth2.csproj", "{72D9B571-1450-492D-9FD6-365CC788791C}"
EndProject
Project("{FAE04EC0-301F-11D3-BF4B-00C04F79EFBC}") = "Poikkeukset", "D:\K1735\Labra7\Poikkeukset.csproj", "{4A496A23-66A2-4C7F-89F5-64052CF920A8}"
EndProject
Global
	GlobalSection(SolutionConfigurationPlatforms) = preSolution
		Debug|Any CPU = Debug|Any CPU
		Release|Any CPU = Release|Any CPU
	EndGlobalSection
	GlobalSection(ProjectConfigurationPlatforms) = postSolution
		{669B36E7-1C39-4D13-9300-744FFF7776ED}.Debug|Any CPU.ActiveCfg = Debug|Any CPU
		{669B36E7-1C39-4D13-9300-744FFF7776ED}.Debug|Any CPU.Build.0 = Debug|Any CPU
		{669B36E7-1C39-4D13-9300-744FFF7776ED}.Release|Any CPU.ActiveCfg = Release|Any CPU
		{669B36E7-1C39-4D13-9300-744FFF7776ED}.Release|Any CPU.Build.0 = Release|Any CPU
		{3F62E0D0-F92F-4CF2-9889-E5D36F05D416}.Debug|Any CPU.ActiveCfg = Debug|Any CPU
		{3F62E0D0-F92F-4CF2-9889-E5D36F05D416}.Debug|Any CPU.Build.0 = Debug|Any CPU
		{3F62E0D0-F92F-4CF2-9889-E5D36F05D416}.Release|Any CPU.ActiveCfg = Release|Any CPU
		{3F62E0D0-F92F-4CF2-9889-E5D36F05D416}.Release|Any CPU.Build.0 = Release|Any CPU
		{EFECA7F3-44BB-42E8-88FE-23EB50D4FBC0}.Debug|Any CPU.ActiveCfg = Debug|Any CPU
		{EFECA7F3-44BB-42E8-88FE-23EB50D4FBC0}.Debug|Any CPU.Build.0 = Debug|Any CPU
		{EFECA7F3-44BB-42E8-88FE-23EB50D4FBC0}.Release|Any CPU.ActiveCfg = Release|Any CPU
		{EFECA7F3-44BB-42E8-88FE-23EB50D4FBC0}.Release|Any CPU.Build.0 = Release|Any CPU
		{72D9B571-1450-492D-9FD6-365CC788791C}.Debug|Any CPU.ActiveCfg = Debug|Any CPU
		{72D9B571-1450-492D-9FD6-365CC788791C}.Debug|Any CPU.Build.0 = Debug|Any CPU
		{72D9B571-1450-492D-9FD6-365CC788791C}.Release|Any CPU.ActiveCfg = Release|Any CPU
		{72D9B571-1450-492D-9FD6-365CC788791C}.Release|Any CPU.Build.0 = Release|Any CPU
		{4A496A23-66A2-4C7F-89F5-64052CF920A8}.Debug|Any CPU.ActiveCfg = Debug|Any CPU
		{4A496A23-66A2-4C7F-89F5-64052CF920A8}.Debug|Any CPU.Build.0 = Debug|Any CPU
		{4A496A23-66A2-4C7F-89F5-64052CF920A8}.Release|Any CPU.ActiveCfg = Release|Any CPU
		{4A496A23-66A2-4C7F-89F5-64052CF920A8}.Release|Any CPU.Build.0 = Release|Any CPU
	EndGlobalSection
	GlobalSection(SolutionProperties) = preSolution
		HideSolutionNode = FALSE
	EndGlobalSection
EndGlobal
