
Microsoft Visual Studio Solution File, Format Version 12.00
# Visual Studio 14
VisualStudioVersion = 14.0.25420.1
MinimumVisualStudioVersion = 10.0.40219.1
Project("{FAE04EC0-301F-11D3-BF4B-00C04F79EFBC}") = "Henkilörekisteri", "Henkilörekisteri\Henkilörekisteri.csproj", "{D2B120A9-3ADB-4C0D-91FD-8E2D7347987D}"
EndProject
Project("{FAE04EC0-301F-11D3-BF4B-00C04F79EFBC}") = "KTlabra7", "KTlabra7\KTlabra7.csproj", "{A2E2D7B2-12D9-4D91-92AB-9862C8E28FBC}"
EndProject
Project("{FAE04EC0-301F-11D3-BF4B-00C04F79EFBC}") = "KT2Labra7", "KT2Labra7\KT2Labra7.csproj", "{3BE35F4F-E403-4F61-AD10-4274847A226B}"
EndProject
Project("{FAE04EC0-301F-11D3-BF4B-00C04F79EFBC}") = "KT3Labra7", "KT3Labra7\KT3Labra7.csproj", "{3A73F52F-5980-4539-ADBB-84BE2CB79424}"
EndProject
Project("{FAE04EC0-301F-11D3-BF4B-00C04F79EFBC}") = "Yksikkötesti", "Yksikkötesti\Yksikkötesti.csproj", "{44A92464-BCFC-45A9-8F56-885631C3D962}"
EndProject
Project("{FAE04EC0-301F-11D3-BF4B-00C04F79EFBC}") = "YksikkötestiTests", "YksikkötestiTests\YksikkötestiTests.csproj", "{64E35316-3B0D-4EE8-906B-9031017AD12B}"
EndProject
Project("{FAE04EC0-301F-11D3-BF4B-00C04F79EFBC}") = "NOPPA", "NOPPA\NOPPA.csproj", "{EF3F90FD-1CF4-4C8B-8C04-A98B9BE2AA5C}"
EndProject
Project("{FAE04EC0-301F-11D3-BF4B-00C04F79EFBC}") = "L8T2 Ostokset", "L8T2 Ostokset\L8T2 Ostokset.csproj", "{942E0AED-235B-4A29-845E-C5C16FE64253}"
EndProject
Project("{FAE04EC0-301F-11D3-BF4B-00C04F79EFBC}") = "Labra9", "Labra9\Labra9.csproj", "{89F32291-E708-41C8-A2BB-CFA4647BB49A}"
EndProject
Project("{FAE04EC0-301F-11D3-BF4B-00C04F79EFBC}") = "LABRA10", "LABRA10\LABRA10.csproj", "{B509642B-3924-4740-95E2-05E2BB0D2CC1}"
EndProject
Global
	GlobalSection(SolutionConfigurationPlatforms) = preSolution
		Debug|Any CPU = Debug|Any CPU
		Release|Any CPU = Release|Any CPU
	EndGlobalSection
	GlobalSection(ProjectConfigurationPlatforms) = postSolution
		{D2B120A9-3ADB-4C0D-91FD-8E2D7347987D}.Debug|Any CPU.ActiveCfg = Debug|Any CPU
		{D2B120A9-3ADB-4C0D-91FD-8E2D7347987D}.Debug|Any CPU.Build.0 = Debug|Any CPU
		{D2B120A9-3ADB-4C0D-91FD-8E2D7347987D}.Release|Any CPU.ActiveCfg = Release|Any CPU
		{D2B120A9-3ADB-4C0D-91FD-8E2D7347987D}.Release|Any CPU.Build.0 = Release|Any CPU
		{A2E2D7B2-12D9-4D91-92AB-9862C8E28FBC}.Debug|Any CPU.ActiveCfg = Debug|Any CPU
		{A2E2D7B2-12D9-4D91-92AB-9862C8E28FBC}.Debug|Any CPU.Build.0 = Debug|Any CPU
		{A2E2D7B2-12D9-4D91-92AB-9862C8E28FBC}.Release|Any CPU.ActiveCfg = Release|Any CPU
		{A2E2D7B2-12D9-4D91-92AB-9862C8E28FBC}.Release|Any CPU.Build.0 = Release|Any CPU
		{3BE35F4F-E403-4F61-AD10-4274847A226B}.Debug|Any CPU.ActiveCfg = Debug|Any CPU
		{3BE35F4F-E403-4F61-AD10-4274847A226B}.Debug|Any CPU.Build.0 = Debug|Any CPU
		{3BE35F4F-E403-4F61-AD10-4274847A226B}.Release|Any CPU.ActiveCfg = Release|Any CPU
		{3BE35F4F-E403-4F61-AD10-4274847A226B}.Release|Any CPU.Build.0 = Release|Any CPU
		{3A73F52F-5980-4539-ADBB-84BE2CB79424}.Debug|Any CPU.ActiveCfg = Debug|Any CPU
		{3A73F52F-5980-4539-ADBB-84BE2CB79424}.Debug|Any CPU.Build.0 = Debug|Any CPU
		{3A73F52F-5980-4539-ADBB-84BE2CB79424}.Release|Any CPU.ActiveCfg = Release|Any CPU
		{3A73F52F-5980-4539-ADBB-84BE2CB79424}.Release|Any CPU.Build.0 = Release|Any CPU
		{44A92464-BCFC-45A9-8F56-885631C3D962}.Debug|Any CPU.ActiveCfg = Debug|Any CPU
		{44A92464-BCFC-45A9-8F56-885631C3D962}.Debug|Any CPU.Build.0 = Debug|Any CPU
		{44A92464-BCFC-45A9-8F56-885631C3D962}.Release|Any CPU.ActiveCfg = Release|Any CPU
		{44A92464-BCFC-45A9-8F56-885631C3D962}.Release|Any CPU.Build.0 = Release|Any CPU
		{64E35316-3B0D-4EE8-906B-9031017AD12B}.Debug|Any CPU.ActiveCfg = Debug|Any CPU
		{64E35316-3B0D-4EE8-906B-9031017AD12B}.Debug|Any CPU.Build.0 = Debug|Any CPU
		{64E35316-3B0D-4EE8-906B-9031017AD12B}.Release|Any CPU.ActiveCfg = Release|Any CPU
		{64E35316-3B0D-4EE8-906B-9031017AD12B}.Release|Any CPU.Build.0 = Release|Any CPU
		{EF3F90FD-1CF4-4C8B-8C04-A98B9BE2AA5C}.Debug|Any CPU.ActiveCfg = Debug|Any CPU
		{EF3F90FD-1CF4-4C8B-8C04-A98B9BE2AA5C}.Debug|Any CPU.Build.0 = Debug|Any CPU
		{EF3F90FD-1CF4-4C8B-8C04-A98B9BE2AA5C}.Release|Any CPU.ActiveCfg = Release|Any CPU
		{EF3F90FD-1CF4-4C8B-8C04-A98B9BE2AA5C}.Release|Any CPU.Build.0 = Release|Any CPU
		{942E0AED-235B-4A29-845E-C5C16FE64253}.Debug|Any CPU.ActiveCfg = Debug|Any CPU
		{942E0AED-235B-4A29-845E-C5C16FE64253}.Debug|Any CPU.Build.0 = Debug|Any CPU
		{942E0AED-235B-4A29-845E-C5C16FE64253}.Release|Any CPU.ActiveCfg = Release|Any CPU
		{942E0AED-235B-4A29-845E-C5C16FE64253}.Release|Any CPU.Build.0 = Release|Any CPU
		{89F32291-E708-41C8-A2BB-CFA4647BB49A}.Debug|Any CPU.ActiveCfg = Debug|Any CPU
		{89F32291-E708-41C8-A2BB-CFA4647BB49A}.Debug|Any CPU.Build.0 = Debug|Any CPU
		{89F32291-E708-41C8-A2BB-CFA4647BB49A}.Release|Any CPU.ActiveCfg = Release|Any CPU
		{89F32291-E708-41C8-A2BB-CFA4647BB49A}.Release|Any CPU.Build.0 = Release|Any CPU
		{B509642B-3924-4740-95E2-05E2BB0D2CC1}.Debug|Any CPU.ActiveCfg = Debug|Any CPU
		{B509642B-3924-4740-95E2-05E2BB0D2CC1}.Debug|Any CPU.Build.0 = Debug|Any CPU
		{B509642B-3924-4740-95E2-05E2BB0D2CC1}.Release|Any CPU.ActiveCfg = Release|Any CPU
		{B509642B-3924-4740-95E2-05E2BB0D2CC1}.Release|Any CPU.Build.0 = Release|Any CPU
	EndGlobalSection
	GlobalSection(SolutionProperties) = preSolution
		HideSolutionNode = FALSE
	EndGlobalSection
EndGlobal
